
Microsoft Visual Studio Solution File, Format Version 12.00
# Visual Studio Version 16
VisualStudioVersion = 16.0.30204.135
MinimumVisualStudioVersion = 10.0.40219.1
Project("{8BC9CEB8-8B4A-11D0-8D11-00A0C91BC942}") = "xlComp", "XlComp\src\xlComp.vcxproj", "{ACEA4631-013B-4AD4-9780-3DC6039A7A51}"
EndProject
Project("{8BC9CEB8-8B4A-11D0-8D11-00A0C91BC942}") = "TestComputationFinance", "TestComputationFinance\TestComputationFinance.vcxproj", "{C175B0AF-7AC3-4110-AE2E-E94A39A043F7}"
EndProject
Project("{8BC9CEB8-8B4A-11D0-8D11-00A0C91BC942}") = "ComputationalFinanceLib", "CompFinanceLib\CompFinanceLib.vcxproj", "{6DEA510B-6EAB-4297-9950-ACB0CD7771F4}"
EndProject
Project("{8BC9CEB8-8B4A-11D0-8D11-00A0C91BC942}") = "ComputationalFinanceLibUnitTest", "ComputationalFinanceLibUnitTest\ComputationalFinanceLibUnitTest.vcxproj", "{E2AFB150-298F-463A-A82D-0D8E2A346347}"
EndProject
Global
	GlobalSection(SolutionConfigurationPlatforms) = preSolution
		Debug|x64 = Debug|x64
		Debug|x86 = Debug|x86
		Release|x64 = Release|x64
		Release|x86 = Release|x86
	EndGlobalSection
	GlobalSection(ProjectConfigurationPlatforms) = postSolution
		{ACEA4631-013B-4AD4-9780-3DC6039A7A51}.Debug|x64.ActiveCfg = Debug|x64
		{ACEA4631-013B-4AD4-9780-3DC6039A7A51}.Debug|x64.Build.0 = Debug|x64
		{ACEA4631-013B-4AD4-9780-3DC6039A7A51}.Debug|x86.ActiveCfg = Debug|Win32
		{ACEA4631-013B-4AD4-9780-3DC6039A7A51}.Debug|x86.Build.0 = Debug|Win32
		{ACEA4631-013B-4AD4-9780-3DC6039A7A51}.Release|x64.ActiveCfg = Release|x64
		{ACEA4631-013B-4AD4-9780-3DC6039A7A51}.Release|x64.Build.0 = Release|x64
		{ACEA4631-013B-4AD4-9780-3DC6039A7A51}.Release|x86.ActiveCfg = Release|Win32
		{ACEA4631-013B-4AD4-9780-3DC6039A7A51}.Release|x86.Build.0 = Release|Win32
		{C175B0AF-7AC3-4110-AE2E-E94A39A043F7}.Debug|x64.ActiveCfg = Debug|x64
		{C175B0AF-7AC3-4110-AE2E-E94A39A043F7}.Debug|x64.Build.0 = Debug|x64
		{C175B0AF-7AC3-4110-AE2E-E94A39A043F7}.Debug|x86.ActiveCfg = Debug|Win32
		{C175B0AF-7AC3-4110-AE2E-E94A39A043F7}.Debug|x86.Build.0 = Debug|Win32
		{C175B0AF-7AC3-4110-AE2E-E94A39A043F7}.Release|x64.ActiveCfg = Release|x64
		{C175B0AF-7AC3-4110-AE2E-E94A39A043F7}.Release|x64.Build.0 = Release|x64
		{C175B0AF-7AC3-4110-AE2E-E94A39A043F7}.Release|x86.ActiveCfg = Release|Win32
		{C175B0AF-7AC3-4110-AE2E-E94A39A043F7}.Release|x86.Build.0 = Release|Win32
		{6DEA510B-6EAB-4297-9950-ACB0CD7771F4}.Debug|x64.ActiveCfg = Debug|x64
		{6DEA510B-6EAB-4297-9950-ACB0CD7771F4}.Debug|x64.Build.0 = Debug|x64
		{6DEA510B-6EAB-4297-9950-ACB0CD7771F4}.Debug|x86.ActiveCfg = Debug|Win32
		{6DEA510B-6EAB-4297-9950-ACB0CD7771F4}.Debug|x86.Build.0 = Debug|Win32
		{6DEA510B-6EAB-4297-9950-ACB0CD7771F4}.Release|x64.ActiveCfg = Release|x64
		{6DEA510B-6EAB-4297-9950-ACB0CD7771F4}.Release|x64.Build.0 = Release|x64
		{6DEA510B-6EAB-4297-9950-ACB0CD7771F4}.Release|x86.ActiveCfg = Release|Win32
		{6DEA510B-6EAB-4297-9950-ACB0CD7771F4}.Release|x86.Build.0 = Release|Win32
		{E2AFB150-298F-463A-A82D-0D8E2A346347}.Debug|x64.ActiveCfg = Debug|x64
		{E2AFB150-298F-463A-A82D-0D8E2A346347}.Debug|x64.Build.0 = Debug|x64
		{E2AFB150-298F-463A-A82D-0D8E2A346347}.Debug|x86.ActiveCfg = Debug|Win32
		{E2AFB150-298F-463A-A82D-0D8E2A346347}.Debug|x86.Build.0 = Debug|Win32
		{E2AFB150-298F-463A-A82D-0D8E2A346347}.Release|x64.ActiveCfg = Release|x64
		{E2AFB150-298F-463A-A82D-0D8E2A346347}.Release|x64.Build.0 = Release|x64
		{E2AFB150-298F-463A-A82D-0D8E2A346347}.Release|x86.ActiveCfg = Release|Win32
		{E2AFB150-298F-463A-A82D-0D8E2A346347}.Release|x86.Build.0 = Release|Win32
	EndGlobalSection
	GlobalSection(SolutionProperties) = preSolution
		HideSolutionNode = FALSE
	EndGlobalSection
	GlobalSection(ExtensibilityGlobals) = postSolution
		SolutionGuid = {9EFF6AB1-25E2-4C8E-B2CA-F024A1C473A7}
	EndGlobalSection
EndGlobal
